
Microsoft Visual Studio Solution File, Format Version 12.00
# Visual Studio Version 16
VisualStudioVersion = 16.0.30804.86
MinimumVisualStudioVersion = 10.0.40219.1
Project("{FAE04EC0-301F-11D3-BF4B-00C04F79EFBC}") = "StringsVsInt", "StringsVsInt\StringsVsInt.csproj", "{1B5EC0D8-AEA7-4916-B430-F62741E1467A}"
EndProject
Global
	GlobalSection(SolutionConfigurationPlatforms) = preSolution
		Debug|Any CPU = Debug|Any CPU
		Release|Any CPU = Release|Any CPU
	EndGlobalSection
	GlobalSection(ProjectConfigurationPlatforms) = postSolution
		{1B5EC0D8-AEA7-4916-B430-F62741E1467A}.Debug|Any CPU.ActiveCfg = Debug|Any CPU
		{1B5EC0D8-AEA7-4916-B430-F62741E1467A}.Debug|Any CPU.Build.0 = Debug|Any CPU
		{1B5EC0D8-AEA7-4916-B430-F62741E1467A}.Release|Any CPU.ActiveCfg = Release|Any CPU
		{1B5EC0D8-AEA7-4916-B430-F62741E1467A}.Release|Any CPU.Build.0 = Release|Any CPU
	EndGlobalSection
	GlobalSection(SolutionProperties) = preSolution
		HideSolutionNode = FALSE
	EndGlobalSection
	GlobalSection(ExtensibilityGlobals) = postSolution
		SolutionGuid = {2174EB5E-F07A-48DF-853C-C9C2EC76B8F3}
	EndGlobalSection
EndGlobal
